<?xml version="1.0" encoding="utf-8"?>
<Project ToolsVersion="4.0" xmlns="http://schemas.microsoft.com/developer/msbuild/2003">
  <ItemGroup>
    <Filter Include="third_party">
      <UniqueIdentifier>{0FB18DF1-7B66-06E7-045B-00BE700FFDEA}</UniqueIdentifier>
    </Filter>
    <Filter Include="third_party\cgltf">
      <UniqueIdentifier>{8E45D422-FA5B-D2B8-43D3-5DDAAF28A340}</UniqueIdentifier>
    </Filter>
  </ItemGroup>
  <ItemGroup>
    <ClInclude Include="Bloom.hpp" />
    <ClInclude Include="Buffer.hpp" />
    <ClInclude Include="Camera.hpp" />
    <ClInclude Include="Composite.hpp" />
    <ClInclude Include="Context.hpp" />
    <ClInclude Include="DepthPrepass.hpp" />
    <ClInclude Include="Engine.hpp" />
    <ClInclude Include="ForwardPass.hpp" />
    <ClInclude Include="GLTF.hpp" />
    <ClInclude Include="Image.hpp" />
    <ClInclude Include="Light.hpp" />
    <ClInclude Include="Pipeline.hpp" />
    <ClInclude Include="PresentPass.hpp" />
    <ClInclude Include="RenderPass.hpp" />
    <ClInclude Include="Renderer.hpp" />
    <ClInclude Include="Scene.hpp" />
    <ClInclude Include="ShadowMap.hpp" />
    <ClInclude Include="Utils.hpp" />
  </ItemGroup>
  <ItemGroup>
    <ClCompile Include="Bloom.cpp" />
    <ClCompile Include="Buffer.cpp" />
    <ClCompile Include="Camera.cpp" />
    <ClCompile Include="Composite.cpp" />
    <ClCompile Include="Context.cpp" />
    <ClCompile Include="DepthPrepass.cpp" />
    <ClCompile Include="Engine.cpp" />
    <ClCompile Include="ForwardPass.cpp" />
    <ClCompile Include="GLTF.cpp" />
    <ClCompile Include="Image.cpp" />
    <ClCompile Include="PresentPass.cpp" />
    <ClCompile Include="RenderPass.cpp" />
    <ClCompile Include="Renderer.cpp" />
    <ClCompile Include="Scene.cpp" />
    <ClCompile Include="ShadowMap.cpp" />
    <ClCompile Include="Utils.cpp" />
    <ClCompile Include="main.cpp" />
  </ItemGroup>
</Project>